<?xml version="1.0" encoding="utf-8"?>
<Project ToolsVersion="4.0" xmlns="http://schemas.microsoft.com/developer/msbuild/2003">
  <ItemGroup>
    <Filter Include="rbjit">
      <UniqueIdentifier>{5cd131eb-8b6d-411e-bf66-5f80744832b8}</UniqueIdentifier>
    </Filter>
    <Filter Include="rbjit\Source Files">
      <UniqueIdentifier>{dc903c12-2c1f-4b06-be22-443a8c5324bc}</UniqueIdentifier>
    </Filter>
    <Filter Include="rbjit\Header Files">
      <UniqueIdentifier>{be49a702-41d3-4d39-a083-1afcd5649f1c}</UniqueIdentifier>
    </Filter>
    <Filter Include="ruby">
      <UniqueIdentifier>{4FC737F1-C7A5-4376-A066-2A32D752A2FF}</UniqueIdentifier>
      <Extensions>cpp;c;cc;cxx;def;odl;idl;hpj;bat;asm;asmx</Extensions>
    </Filter>
    <Filter Include="rbjit\Resrouce Files">
      <UniqueIdentifier>{71795350-c1f5-46cb-a0e8-71ff49f92517}</UniqueIdentifier>
    </Filter>
  </ItemGroup>
  <ItemGroup>
    <ClCompile Include="..\..\..\main.c">
      <Filter>ruby</Filter>
    </ClCompile>
    <ClCompile Include="..\..\..\dmydln.c">
      <Filter>ruby</Filter>
    </ClCompile>
    <ClCompile Include="..\..\..\miniinit.c">
      <Filter>ruby</Filter>
    </ClCompile>
    <ClCompile Include="..\..\..\miniprelude.c">
      <Filter>ruby</Filter>
    </ClCompile>
    <ClCompile Include="..\..\..\array.c">
      <Filter>ruby</Filter>
    </ClCompile>
    <ClCompile Include="..\..\..\bignum.c">
      <Filter>ruby</Filter>
    </ClCompile>
    <ClCompile Include="..\..\..\class.c">
      <Filter>ruby</Filter>
    </ClCompile>
    <ClCompile Include="..\..\..\compar.c">
      <Filter>ruby</Filter>
    </ClCompile>
    <ClCompile Include="..\..\..\complex.c">
      <Filter>ruby</Filter>
    </ClCompile>
    <ClCompile Include="..\..\..\dir.c">
      <Filter>ruby</Filter>
    </ClCompile>
    <ClCompile Include="..\..\..\dln_find.c">
      <Filter>ruby</Filter>
    </ClCompile>
    <ClCompile Include="..\..\..\encoding.c">
      <Filter>ruby</Filter>
    </ClCompile>
    <ClCompile Include="..\..\..\enum.c">
      <Filter>ruby</Filter>
    </ClCompile>
    <ClCompile Include="..\..\..\enumerator.c">
      <Filter>ruby</Filter>
    </ClCompile>
    <ClCompile Include="..\..\..\error.c">
      <Filter>ruby</Filter>
    </ClCompile>
    <ClCompile Include="..\..\..\eval.c">
      <Filter>ruby</Filter>
    </ClCompile>
    <ClCompile Include="..\..\..\load.c">
      <Filter>ruby</Filter>
    </ClCompile>
    <ClCompile Include="..\..\..\proc.c">
      <Filter>ruby</Filter>
    </ClCompile>
    <ClCompile Include="..\..\..\file.c">
      <Filter>ruby</Filter>
    </ClCompile>
    <ClCompile Include="..\..\..\gc.c">
      <Filter>ruby</Filter>
    </ClCompile>
    <ClCompile Include="..\..\..\hash.c">
      <Filter>ruby</Filter>
    </ClCompile>
    <ClCompile Include="..\..\..\inits.c">
      <Filter>ruby</Filter>
    </ClCompile>
    <ClCompile Include="..\..\..\io.c">
      <Filter>ruby</Filter>
    </ClCompile>
    <ClCompile Include="..\..\..\marshal.c">
      <Filter>ruby</Filter>
    </ClCompile>
    <ClCompile Include="..\..\..\math.c">
      <Filter>ruby</Filter>
    </ClCompile>
    <ClCompile Include="..\..\..\node.c">
      <Filter>ruby</Filter>
    </ClCompile>
    <ClCompile Include="..\..\..\numeric.c">
      <Filter>ruby</Filter>
    </ClCompile>
    <ClCompile Include="..\..\..\object.c">
      <Filter>ruby</Filter>
    </ClCompile>
    <ClCompile Include="..\..\..\pack.c">
      <Filter>ruby</Filter>
    </ClCompile>
    <ClCompile Include="..\..\..\parse.c">
      <Filter>ruby</Filter>
    </ClCompile>
    <ClCompile Include="..\..\..\process.c">
      <Filter>ruby</Filter>
    </ClCompile>
    <ClCompile Include="..\..\..\random.c">
      <Filter>ruby</Filter>
    </ClCompile>
    <ClCompile Include="..\..\..\range.c">
      <Filter>ruby</Filter>
    </ClCompile>
    <ClCompile Include="..\..\..\rational.c">
      <Filter>ruby</Filter>
    </ClCompile>
    <ClCompile Include="..\..\..\re.c">
      <Filter>ruby</Filter>
    </ClCompile>
    <ClCompile Include="..\..\..\regcomp.c">
      <Filter>ruby</Filter>
    </ClCompile>
    <ClCompile Include="..\..\..\regenc.c">
      <Filter>ruby</Filter>
    </ClCompile>
    <ClCompile Include="..\..\..\regerror.c">
      <Filter>ruby</Filter>
    </ClCompile>
    <ClCompile Include="..\..\..\regexec.c">
      <Filter>ruby</Filter>
    </ClCompile>
    <ClCompile Include="..\..\..\regparse.c">
      <Filter>ruby</Filter>
    </ClCompile>
    <ClCompile Include="..\..\..\regsyntax.c">
      <Filter>ruby</Filter>
    </ClCompile>
    <ClCompile Include="..\..\..\ruby.c">
      <Filter>ruby</Filter>
    </ClCompile>
    <ClCompile Include="..\..\..\safe.c">
      <Filter>ruby</Filter>
    </ClCompile>
    <ClCompile Include="..\..\..\signal.c">
      <Filter>ruby</Filter>
    </ClCompile>
    <ClCompile Include="..\..\..\sprintf.c">
      <Filter>ruby</Filter>
    </ClCompile>
    <ClCompile Include="..\..\..\st.c">
      <Filter>ruby</Filter>
    </ClCompile>
    <ClCompile Include="..\..\..\strftime.c">
      <Filter>ruby</Filter>
    </ClCompile>
    <ClCompile Include="..\..\..\string.c">
      <Filter>ruby</Filter>
    </ClCompile>
    <ClCompile Include="..\..\..\struct.c">
      <Filter>ruby</Filter>
    </ClCompile>
    <ClCompile Include="..\..\..\time.c">
      <Filter>ruby</Filter>
    </ClCompile>
    <ClCompile Include="..\..\..\transcode.c">
      <Filter>ruby</Filter>
    </ClCompile>
    <ClCompile Include="..\..\..\util.c">
      <Filter>ruby</Filter>
    </ClCompile>
    <ClCompile Include="..\..\..\variable.c">
      <Filter>ruby</Filter>
    </ClCompile>
    <ClCompile Include="..\..\..\version.c">
      <Filter>ruby</Filter>
    </ClCompile>
    <ClCompile Include="..\..\..\compile.c">
      <Filter>ruby</Filter>
    </ClCompile>
    <ClCompile Include="..\..\..\debug.c">
      <Filter>ruby</Filter>
    </ClCompile>
    <ClCompile Include="..\..\..\iseq.c">
      <Filter>ruby</Filter>
    </ClCompile>
    <ClCompile Include="..\..\..\vm.c">
      <Filter>ruby</Filter>
    </ClCompile>
    <ClCompile Include="..\..\..\vm_dump.c">
      <Filter>ruby</Filter>
    </ClCompile>
    <ClCompile Include="..\..\..\vm_backtrace.c">
      <Filter>ruby</Filter>
    </ClCompile>
    <ClCompile Include="..\..\..\vm_trace.c">
      <Filter>ruby</Filter>
    </ClCompile>
    <ClCompile Include="..\..\..\thread.c">
      <Filter>ruby</Filter>
    </ClCompile>
    <ClCompile Include="..\..\..\cont.c">
      <Filter>ruby</Filter>
    </ClCompile>
    <ClCompile Include="..\..\..\newline.c">
      <Filter>ruby</Filter>
    </ClCompile>
    <ClCompile Include="..\..\..\missing\crypt.c">
      <Filter>ruby</Filter>
    </ClCompile>
    <ClCompile Include="..\..\..\missing\lgamma_r.c">
      <Filter>ruby</Filter>
    </ClCompile>
    <ClCompile Include="..\..\..\missing\strlcat.c">
      <Filter>ruby</Filter>
    </ClCompile>
    <ClCompile Include="..\..\..\missing\strlcpy.c">
      <Filter>ruby</Filter>
    </ClCompile>
    <ClCompile Include="..\..\..\win32\win32.c">
      <Filter>ruby</Filter>
    </ClCompile>
    <ClCompile Include="..\..\..\win32\file.c">
      <Filter>ruby</Filter>
    </ClCompile>
    <ClCompile Include="..\..\..\missing\setproctitle.c">
      <Filter>ruby</Filter>
    </ClCompile>
    <ClCompile Include="..\..\..\missing\acosh.c">
      <Filter>ruby</Filter>
    </ClCompile>
    <ClCompile Include="..\..\..\missing\cbrt.c">
      <Filter>ruby</Filter>
    </ClCompile>
    <ClCompile Include="..\..\..\missing\erf.c">
      <Filter>ruby</Filter>
    </ClCompile>
    <ClCompile Include="..\..\..\missing\tgamma.c">
      <Filter>ruby</Filter>
    </ClCompile>
    <ClCompile Include="..\..\..\dmyext.c">
      <Filter>ruby</Filter>
    </ClCompile>
    <ClCompile Include="..\..\..\missing\ffs.c">
      <Filter>ruby</Filter>
    </ClCompile>
    <ClCompile Include="..\..\..\enc\utf_8.c">
      <Filter>ruby</Filter>
    </ClCompile>
    <ClCompile Include="..\..\..\enc\ascii.c">
      <Filter>ruby</Filter>
    </ClCompile>
    <ClCompile Include="..\..\..\enc\unicode.c">
      <Filter>ruby</Filter>
    </ClCompile>
    <ClCompile Include="..\..\..\enc\us_ascii.c">
      <Filter>ruby</Filter>
    </ClCompile>
    <ClCompile Include="..\..\src\cfgbuilder.cpp">
      <Filter>rbjit\Source Files</Filter>
    </ClCompile>
    <ClCompile Include="..\..\src\controlflowgraph.cpp">
      <Filter>rbjit\Source Files</Filter>
    </ClCompile>
    <ClCompile Include="..\..\src\definfo.cpp">
      <Filter>rbjit\Source Files</Filter>
    </ClCompile>
    <ClCompile Include="..\..\src\methodinfo.cpp">
      <Filter>rbjit\Source Files</Filter>
    </ClCompile>
    <ClCompile Include="..\..\src\nativecompiler.cpp">
      <Filter>rbjit\Source Files</Filter>
    </ClCompile>
    <ClCompile Include="..\..\src\opcode.cpp">
      <Filter>rbjit\Source Files</Filter>
    </ClCompile>
    <ClCompile Include="..\..\src\opcodefactory.cpp">
      <Filter>rbjit\Source Files</Filter>
    </ClCompile>
    <ClCompile Include="..\..\src\setup.cpp">
      <Filter>rbjit\Source Files</Filter>
    </ClCompile>
    <ClCompile Include="..\..\src\variable.cpp">
      <Filter>rbjit\Source Files</Filter>
    </ClCompile>
    <ClCompile Include="..\..\src\domtree.cpp">
      <Filter>rbjit\Source Files</Filter>
    </ClCompile>
    <ClCompile Include="..\..\src\ssatranslator.cpp">
      <Filter>rbjit\Source Files</Filter>
    </ClCompile>
    <ClCompile Include="..\..\src\debugprint.cpp">
      <Filter>rbjit\Source Files</Filter>
    </ClCompile>
    <ClCompile Include="..\..\src\rubyobject.cpp">
      <Filter>rbjit\Source Files</Filter>
    </ClCompile>
    <ClCompile Include="..\..\src\rubymethod.cpp">
      <Filter>rbjit\Source Files</Filter>
    </ClCompile>
    <ClCompile Include="..\..\src\runtime_methodcall.cpp">
      <Filter>rbjit\Source Files</Filter>
    </ClCompile>
    <ClCompile Include="..\..\src\cooperdominatorfinder.cpp">
      <Filter>rbjit\Source Files</Filter>
    </ClCompile>
    <ClCompile Include="..\..\src\dominatorfinder.cpp">
      <Filter>rbjit\Source Files</Filter>
    </ClCompile>
    <ClCompile Include="..\..\src\ltdominatorfinder.cpp">
      <Filter>rbjit\Source Files</Filter>
    </ClCompile>
    <ClCompile Include="..\..\src\typeconstraint.cpp">
      <Filter>rbjit\Source Files</Filter>
    </ClCompile>
    <ClCompile Include="..\..\src\typeanalyzer.cpp">
      <Filter>rbjit\Source Files</Filter>
    </ClCompile>
    <ClCompile Include="..\..\src\defusechain.cpp">
      <Filter>rbjit\Source Files</Filter>
    </ClCompile>
    <ClCompile Include="..\..\src\primitivestore.cpp">
      <Filter>rbjit\Source Files</Filter>
    </ClCompile>
    <ClCompile Include="..\..\src\codeduplicator.cpp">
      <Filter>rbjit\Source Files</Filter>
    </ClCompile>
    <ClCompile Include="..\..\src\typecontext.cpp">
      <Filter>rbjit\Source Files</Filter>
    </ClCompile>
    <ClCompile Include="..\..\src\common.cpp">
      <Filter>rbjit\Source Files</Filter>
    </ClCompile>
    <ClCompile Include="..\..\src\inliner.cpp">
      <Filter>rbjit\Source Files</Filter>
    </ClCompile>
    <ClCompile Include="..\..\src\opcodemultiplexer.cpp">
      <Filter>rbjit\Source Files</Filter>
    </ClCompile>
    <ClCompile Include="..\..\src\idstore.cpp">
      <Filter>rbjit\Source Files</Filter>
    </ClCompile>
  </ItemGroup>
  <ItemGroup>
    <None Include="..\..\..\insns.def">
      <Filter>ruby</Filter>
    </None>
    <None Include="..\..\..\parse.y">
      <Filter>ruby</Filter>
    </None>
  </ItemGroup>
  <ItemGroup>
    <ClInclude Include="..\..\include\rbjit\cfgbuilder.h">
      <Filter>rbjit\Header Files</Filter>
    </ClInclude>
    <ClInclude Include="..\..\include\rbjit\common.h">
      <Filter>rbjit\Header Files</Filter>
    </ClInclude>
    <ClInclude Include="..\..\include\rbjit\definfo.h">
      <Filter>rbjit\Header Files</Filter>
    </ClInclude>
    <ClInclude Include="..\..\include\rbjit\opcodefactory.h">
      <Filter>rbjit\Header Files</Filter>
    </ClInclude>
    <ClInclude Include="..\..\include\rbjit\variable.h">
      <Filter>rbjit\Header Files</Filter>
    </ClInclude>
    <ClInclude Include="..\..\include\rbjit\opcode.h">
      <Filter>rbjit\Header Files</Filter>
    </ClInclude>
    <ClInclude Include="..\..\include\rbjit\methodinfo.h">
      <Filter>rbjit\Header Files</Filter>
    </ClInclude>
    <ClInclude Include="..\..\include\rbjit\nativecompiler.h">
      <Filter>rbjit\Header Files</Filter>
    </ClInclude>
    <ClInclude Include="..\..\include\rbjit\controlflowgraph.h">
      <Filter>rbjit\Header Files</Filter>
    </ClInclude>
    <ClInclude Include="..\..\include\rbjit\domtree.h">
      <Filter>rbjit\Header Files</Filter>
    </ClInclude>
    <ClInclude Include="..\..\include\rbjit\ssatranslator.h">
      <Filter>rbjit\Header Files</Filter>
    </ClInclude>
    <ClInclude Include="..\..\include\rbjit\debugprint.h">
      <Filter>rbjit\Header Files</Filter>
    </ClInclude>
    <ClInclude Include="..\..\..\vm_eval.c">
      <Filter>ruby</Filter>
    </ClInclude>
    <ClInclude Include="..\..\..\vm_exec.c">
      <Filter>ruby</Filter>
    </ClInclude>
    <ClInclude Include="..\..\include\rbjit\rubyobject.h">
      <Filter>rbjit\Header Files</Filter>
    </ClInclude>
    <ClInclude Include="..\..\include\rbjit\rubymethod.h">
      <Filter>rbjit\Header Files</Filter>
    </ClInclude>
    <ClInclude Include="..\..\include\rbjit\runtime_methodcall.h">
      <Filter>rbjit\Header Files</Filter>
    </ClInclude>
    <ClInclude Include="..\..\include\rbjit\cooperdominatorfinder.h">
      <Filter>rbjit\Header Files</Filter>
    </ClInclude>
    <ClInclude Include="..\..\include\rbjit\dominatorfinder.h">
      <Filter>rbjit\Header Files</Filter>
    </ClInclude>
    <ClInclude Include="..\..\include\rbjit\ltdominatorfinder.h">
      <Filter>rbjit\Header Files</Filter>
    </ClInclude>
    <ClInclude Include="..\..\include\rbjit\typeconstraint.h">
      <Filter>rbjit\Header Files</Filter>
    </ClInclude>
    <ClInclude Include="..\..\primitives\resource.h">
      <Filter>rbjit\Resrouce Files</Filter>
    </ClInclude>
    <ClInclude Include="..\..\include\rbjit\typeanalyzer.h">
      <Filter>rbjit\Header Files</Filter>
    </ClInclude>
    <ClInclude Include="..\..\include\rbjit\defusechain.h">
      <Filter>rbjit\Header Files</Filter>
    </ClInclude>
    <ClInclude Include="..\..\include\rbjit\primitivestore.h">
      <Filter>rbjit\Header Files</Filter>
    </ClInclude>
    <ClInclude Include="..\..\include\rbjit\codeduplicator.h">
      <Filter>rbjit\Header Files</Filter>
    </ClInclude>
    <ClInclude Include="..\..\include\rbjit\analysisresult.h">
      <Filter>rbjit</Filter>
    </ClInclude>
    <ClInclude Include="..\..\include\rbjit\typecontext.h">
      <Filter>rbjit\Header Files</Filter>
    </ClInclude>
    <ClInclude Include="..\..\include\rbjit\inliner.h">
      <Filter>rbjit\Header Files</Filter>
    </ClInclude>
    <ClInclude Include="..\..\include\rbjit\opcodemultiplexer.h">
      <Filter>rbjit\Header Files</Filter>
    </ClInclude>
    <ClInclude Include="..\..\include\rbjit\idstore.h">
      <Filter>rbjit\Header Files</Filter>
    </ClInclude>
  </ItemGroup>
  <ItemGroup>
    <ResourceCompile Include="..\..\primitives\primitives.rc">
      <Filter>rbjit\Resrouce Files</Filter>
    </ResourceCompile>
  </ItemGroup>
</Project>